
Microsoft Visual Studio Solution File, Format Version 12.00
# Visual Studio Version 16
VisualStudioVersion = 16.0.31019.35
MinimumVisualStudioVersion = 10.0.40219.1
Project("{2150E333-8FDC-42A3-9474-1A3956D46DE8}") = "src", "src", "{8B46D467-8D6C-46FB-B04F-4B32735AD005}"
EndProject
Project("{9A19103F-16F7-4668-BE54-9A1E7A4F7556}") = "Entities", "Entities\Entities.csproj", "{08740432-90B6-43D2-B98B-B03645EF8E45}"
EndProject
Project("{9A19103F-16F7-4668-BE54-9A1E7A4F7556}") = "DataAccess", "DataAccess\DataAccess.csproj", "{246891A0-7A57-4EEE-A771-E35700B48562}"
EndProject
Project("{9A19103F-16F7-4668-BE54-9A1E7A4F7556}") = "Business", "Business\Business.csproj", "{018A0931-2383-442C-A61D-6354E8A19239}"
EndProject
Project("{9A19103F-16F7-4668-BE54-9A1E7A4F7556}") = "ConsoleUI", "ConsoleUI\ConsoleUI.csproj", "{C81BB29B-61E1-4215-B515-11634ED71788}"
EndProject
Project("{9A19103F-16F7-4668-BE54-9A1E7A4F7556}") = "Core", "Core\Core.csproj", "{2DDA805B-1A6F-4A2A-B454-A4091C0C52A0}"
EndProject
Project("{FAE04EC0-301F-11D3-BF4B-00C04F79EFBC}") = "WebAPI", "WebAPI\WebAPI.csproj", "{FBD0D4E1-083B-4B0D-B6E4-A04EDFFB58D5}"
EndProject
Global
	GlobalSection(SolutionConfigurationPlatforms) = preSolution
		Debug|Any CPU = Debug|Any CPU
		Release|Any CPU = Release|Any CPU
	EndGlobalSection
	GlobalSection(ProjectConfigurationPlatforms) = postSolution
		{08740432-90B6-43D2-B98B-B03645EF8E45}.Debug|Any CPU.ActiveCfg = Debug|Any CPU
		{08740432-90B6-43D2-B98B-B03645EF8E45}.Debug|Any CPU.Build.0 = Debug|Any CPU
		{08740432-90B6-43D2-B98B-B03645EF8E45}.Release|Any CPU.ActiveCfg = Release|Any CPU
		{08740432-90B6-43D2-B98B-B03645EF8E45}.Release|Any CPU.Build.0 = Release|Any CPU
		{246891A0-7A57-4EEE-A771-E35700B48562}.Debug|Any CPU.ActiveCfg = Debug|Any CPU
		{246891A0-7A57-4EEE-A771-E35700B48562}.Debug|Any CPU.Build.0 = Debug|Any CPU
		{246891A0-7A57-4EEE-A771-E35700B48562}.Release|Any CPU.ActiveCfg = Release|Any CPU
		{246891A0-7A57-4EEE-A771-E35700B48562}.Release|Any CPU.Build.0 = Release|Any CPU
		{018A0931-2383-442C-A61D-6354E8A19239}.Debug|Any CPU.ActiveCfg = Debug|Any CPU
		{018A0931-2383-442C-A61D-6354E8A19239}.Debug|Any CPU.Build.0 = Debug|Any CPU
		{018A0931-2383-442C-A61D-6354E8A19239}.Release|Any CPU.ActiveCfg = Release|Any CPU
		{018A0931-2383-442C-A61D-6354E8A19239}.Release|Any CPU.Build.0 = Release|Any CPU
		{C81BB29B-61E1-4215-B515-11634ED71788}.Debug|Any CPU.ActiveCfg = Debug|Any CPU
		{C81BB29B-61E1-4215-B515-11634ED71788}.Debug|Any CPU.Build.0 = Debug|Any CPU
		{C81BB29B-61E1-4215-B515-11634ED71788}.Release|Any CPU.ActiveCfg = Release|Any CPU
		{C81BB29B-61E1-4215-B515-11634ED71788}.Release|Any CPU.Build.0 = Release|Any CPU
		{2DDA805B-1A6F-4A2A-B454-A4091C0C52A0}.Debug|Any CPU.ActiveCfg = Debug|Any CPU
		{2DDA805B-1A6F-4A2A-B454-A4091C0C52A0}.Debug|Any CPU.Build.0 = Debug|Any CPU
		{2DDA805B-1A6F-4A2A-B454-A4091C0C52A0}.Release|Any CPU.ActiveCfg = Release|Any CPU
		{2DDA805B-1A6F-4A2A-B454-A4091C0C52A0}.Release|Any CPU.Build.0 = Release|Any CPU
		{FBD0D4E1-083B-4B0D-B6E4-A04EDFFB58D5}.Debug|Any CPU.ActiveCfg = Debug|Any CPU
		{FBD0D4E1-083B-4B0D-B6E4-A04EDFFB58D5}.Debug|Any CPU.Build.0 = Debug|Any CPU
		{FBD0D4E1-083B-4B0D-B6E4-A04EDFFB58D5}.Release|Any CPU.ActiveCfg = Release|Any CPU
		{FBD0D4E1-083B-4B0D-B6E4-A04EDFFB58D5}.Release|Any CPU.Build.0 = Release|Any CPU
	EndGlobalSection
	GlobalSection(SolutionProperties) = preSolution
		HideSolutionNode = FALSE
	EndGlobalSection
	GlobalSection(NestedProjects) = preSolution
		{08740432-90B6-43D2-B98B-B03645EF8E45} = {8B46D467-8D6C-46FB-B04F-4B32735AD005}
		{246891A0-7A57-4EEE-A771-E35700B48562} = {8B46D467-8D6C-46FB-B04F-4B32735AD005}
		{018A0931-2383-442C-A61D-6354E8A19239} = {8B46D467-8D6C-46FB-B04F-4B32735AD005}
		{C81BB29B-61E1-4215-B515-11634ED71788} = {8B46D467-8D6C-46FB-B04F-4B32735AD005}
		{2DDA805B-1A6F-4A2A-B454-A4091C0C52A0} = {8B46D467-8D6C-46FB-B04F-4B32735AD005}
		{FBD0D4E1-083B-4B0D-B6E4-A04EDFFB58D5} = {8B46D467-8D6C-46FB-B04F-4B32735AD005}
	EndGlobalSection
	GlobalSection(ExtensibilityGlobals) = postSolution
		SolutionGuid = {28737CD9-E863-412D-A1CE-D2FA8725873E}
	EndGlobalSection
EndGlobal
